{
  "name": "wav",
  "version": "1.0.0",
  "lockfileVersion": 1,
  "requires": true,
  "dependencies": {
    "arcsecond": {
      "version": "3.1.0",
      "resolved": "https://registry.npmjs.org/arcsecond/-/arcsecond-3.1.0.tgz",
      "integrity": "sha512-Onr0o+aFOktVkg/D1l8YvWIgFyv87ocqT+6MeuaYvC4kBU3MSp7rHs7/wBAmeSDfB0471Mt8iRa31NlpABPMww=="
    },
    "arcsecond-binary": {
      "version": "2.0.0",
      "resolved": "https://registry.npmjs.org/arcsecond-binary/-/arcsecond-binary-2.0.0.tgz",
      "integrity": "sha512-4TppE8szDfa379PLFpfwICS9A0NmaLFHqo0o/cJKZ2XavY+m99pgy9FkkLDrhF5/UK3AfkekJ0LGz1OWxfUn9Q=="
    },
    "construct-js": {
      "version": "0.7.0",
      "resolved": "https://registry.npmjs.org/construct-js/-/construct-js-0.7.0.tgz",
      "integrity": "sha512-eRNfTFtBFnFhlxHl2ODFZsFv6jGpea26R4dA0WHrtPeuJ/T2Vy9Wts/OSDroboH7CXewucpTEp3hxtVsavY3Jw=="
    }
  }
}
